
Microsoft Visual Studio Solution File, Format Version 12.00
# Visual Studio 15
VisualStudioVersion = 15.0.27906.1
MinimumVisualStudioVersion = 10.0.40219.1
Project("{8BC9CEB8-8B4A-11D0-8D11-00A0C91BC942}") = "LinkList", "LinkList\LinkList.vcxproj", "{490C7A24-EC4D-4496-8BEF-7AF1D50D7ED0}"
EndProject
Global
	GlobalSection(SolutionConfigurationPlatforms) = preSolution
		Debug|x64 = Debug|x64
		Debug|x86 = Debug|x86
		Release|x64 = Release|x64
		Release|x86 = Release|x86
	EndGlobalSection
	GlobalSection(ProjectConfigurationPlatforms) = postSolution
		{490C7A24-EC4D-4496-8BEF-7AF1D50D7ED0}.Debug|x64.ActiveCfg = Debug|x64
		{490C7A24-EC4D-4496-8BEF-7AF1D50D7ED0}.Debug|x64.Build.0 = Debug|x64
		{490C7A24-EC4D-4496-8BEF-7AF1D50D7ED0}.Debug|x86.ActiveCfg = Debug|Win32
		{490C7A24-EC4D-4496-8BEF-7AF1D50D7ED0}.Debug|x86.Build.0 = Debug|Win32
		{490C7A24-EC4D-4496-8BEF-7AF1D50D7ED0}.Release|x64.ActiveCfg = Release|x64
		{490C7A24-EC4D-4496-8BEF-7AF1D50D7ED0}.Release|x64.Build.0 = Release|x64
		{490C7A24-EC4D-4496-8BEF-7AF1D50D7ED0}.Release|x86.ActiveCfg = Release|Win32
		{490C7A24-EC4D-4496-8BEF-7AF1D50D7ED0}.Release|x86.Build.0 = Release|Win32
	EndGlobalSection
	GlobalSection(SolutionProperties) = preSolution
		HideSolutionNode = FALSE
	EndGlobalSection
	GlobalSection(ExtensibilityGlobals) = postSolution
		SolutionGuid = {1C6FACD4-67B0-4A3C-8DBA-9D1C1495A81D}
	EndGlobalSection
EndGlobal
